{
  "name": "test-tw-docs",
  "version": "1.0.0",
  "lockfileVersion": 2,
  "requires": true,
  "packages": {
    "": {
      "name": "test-tw-docs",
      "version": "1.0.0",
      "license": "ISC",
      "dependencies": {
        "tiddlywiki": "^5.2.0"
      }
    },
    "node_modules/tiddlywiki": {
      "version": "5.2.0",
      "resolved": "https://registry.npmjs.org/tiddlywiki/-/tiddlywiki-5.2.0.tgz",
      "integrity": "sha512-X/gDXUTZqdBjzuw0/EfvPxQEVuW/hPE/O7hmOqysvDRpfwS7an6hHGzeNkyPHmb1b2uONgd8tfDuScuwTkjIvA==",
      "bin": {
        "tiddlywiki": "tiddlywiki.js"
      },
      "engines": {
        "node": ">=0.8.2"
      }
    }
  },
  "dependencies": {
    "tiddlywiki": {
      "version": "5.2.0",
      "resolved": "https://registry.npmjs.org/tiddlywiki/-/tiddlywiki-5.2.0.tgz",
      "integrity": "sha512-X/gDXUTZqdBjzuw0/EfvPxQEVuW/hPE/O7hmOqysvDRpfwS7an6hHGzeNkyPHmb1b2uONgd8tfDuScuwTkjIvA=="
    }
  }
}
